
Microsoft Visual Studio Solution File, Format Version 12.00
# Visual Studio 2013
VisualStudioVersion = 12.0.40629.0
MinimumVisualStudioVersion = 10.0.40219.1
Project("{FAE04EC0-301F-11D3-BF4B-00C04F79EFBC}") = "AuthCe.UI", "AuthCe.UI\AuthCe.UI.csproj", "{D4BD7DEB-46A0-452A-9B55-E44BBC8EE3FE}"
EndProject
Project("{FAE04EC0-301F-11D3-BF4B-00C04F79EFBC}") = "AuthCe.Domain", "AuthCe.Domain\AuthCe.Domain.csproj", "{D4C0FE5E-4509-4EE1-901B-ABC5B72960DD}"
EndProject
Project("{FAE04EC0-301F-11D3-BF4B-00C04F79EFBC}") = "AuthCe.Test", "AuthCe.Test\AuthCe.Test.csproj", "{226B47B4-B379-4AD7-AC19-11365FCB4BA8}"
EndProject
Global
	GlobalSection(SolutionConfigurationPlatforms) = preSolution
		Debug|Any CPU = Debug|Any CPU
		Release|Any CPU = Release|Any CPU
	EndGlobalSection
	GlobalSection(ProjectConfigurationPlatforms) = postSolution
		{D4BD7DEB-46A0-452A-9B55-E44BBC8EE3FE}.Debug|Any CPU.ActiveCfg = Debug|Any CPU
		{D4BD7DEB-46A0-452A-9B55-E44BBC8EE3FE}.Debug|Any CPU.Build.0 = Debug|Any CPU
		{D4BD7DEB-46A0-452A-9B55-E44BBC8EE3FE}.Release|Any CPU.ActiveCfg = Release|Any CPU
		{D4BD7DEB-46A0-452A-9B55-E44BBC8EE3FE}.Release|Any CPU.Build.0 = Release|Any CPU
		{D4C0FE5E-4509-4EE1-901B-ABC5B72960DD}.Debug|Any CPU.ActiveCfg = Debug|Any CPU
		{D4C0FE5E-4509-4EE1-901B-ABC5B72960DD}.Debug|Any CPU.Build.0 = Debug|Any CPU
		{D4C0FE5E-4509-4EE1-901B-ABC5B72960DD}.Release|Any CPU.ActiveCfg = Release|Any CPU
		{D4C0FE5E-4509-4EE1-901B-ABC5B72960DD}.Release|Any CPU.Build.0 = Release|Any CPU
		{226B47B4-B379-4AD7-AC19-11365FCB4BA8}.Debug|Any CPU.ActiveCfg = Debug|Any CPU
		{226B47B4-B379-4AD7-AC19-11365FCB4BA8}.Debug|Any CPU.Build.0 = Debug|Any CPU
		{226B47B4-B379-4AD7-AC19-11365FCB4BA8}.Release|Any CPU.ActiveCfg = Release|Any CPU
		{226B47B4-B379-4AD7-AC19-11365FCB4BA8}.Release|Any CPU.Build.0 = Release|Any CPU
	EndGlobalSection
	GlobalSection(SolutionProperties) = preSolution
		HideSolutionNode = FALSE
	EndGlobalSection
EndGlobal
